{
  "version": 4,
  "terraform_version": "0.12.13",
  "serial": 57,
  "lineage": "940c53df-8694-ee4c-12a0-0514b57349b2",
  "outputs": {
    "AppServer1_Private_IP_Address": {
      "value": "10.0.2.10",
      "type": "string"
    },
    "AppServer2_Private_IP_Address": {
      "value": "10.0.2.11",
      "type": "string"
    },
    "Jumpbox_Frontend_IP": {
      "value": "13.64.184.130",
      "type": "string"
    },
    "Jumpbox_Public_FQDN": {
      "value": "umbrellacorp-ssh.westus.cloudapp.azure.com",
      "type": "string"
    },
    "LoadBalancer_Frontend_FQDN": {
      "value": "umbrellacorp.westus.cloudapp.azure.com",
      "type": "string"
    },
    "LoadBalancer_Frontend_IP": {
      "value": "13.64.191.191",
      "type": "string"
    },
    "LoadBalancer_Private__IP_Addresses": {
      "value": [
        [
          "10.0.2.6"
        ],
        [
          "10.0.2.5"
        ]
      ],
      "type": [
        "tuple",
        [
          [
            "list",
            "string"
          ],
          [
            "list",
            "string"
          ]
        ]
      ]
    }
  },
  "resources": [
    {
      "mode": "managed",
      "type": "azurerm_availability_set",
      "name": "app_avset",
      "provider": "provider.azurerm",
      "instances": [
        {
          "schema_version": 0,
          "attributes": {
            "id": "/subscriptions/8c2ec02f-42e9-40fc-8135-5e483f02feda/resourceGroups/Demo_Resources/providers/Microsoft.Compute/availabilitySets/app_avset",
            "location": "westus",
            "managed": true,
            "name": "app_avset",
            "platform_fault_domain_count": 2,
            "platform_update_domain_count": 2,
            "resource_group_name": "Demo_Resources",
            "tags": {
              "Author": "Teren Bryson",
              "Environment": "Demo",
              "Maintained_by": "Teren Bryson"
            }
          },
          "private": "bnVsbA==",
          "depends_on": [
            "azurerm_resource_group.demo"
          ]
        }
      ]
    },
    {
      "mode": "managed",
      "type": "azurerm_availability_set",
      "name": "avset1",
      "provider": "provider.azurerm",
      "instances": [
        {
          "schema_version": 0,
          "attributes": {
            "id": "/subscriptions/8c2ec02f-42e9-40fc-8135-5e483f02feda/resourceGroups/Demo_Resources/providers/Microsoft.Compute/availabilitySets/avset1",
            "location": "westus",
            "managed": true,
            "name": "avset1",
            "platform_fault_domain_count": 2,
            "platform_update_domain_count": 2,
            "resource_group_name": "Demo_Resources",
            "tags": {
              "Author": "Teren Bryson",
              "Environment": "Demo",
              "Maintained_by": "Teren Bryson"
            }
          },
          "private": "bnVsbA==",
          "depends_on": [
            "azurerm_resource_group.demo"
          ]
        }
      ]
    },
    {
      "mode": "managed",
      "type": "azurerm_lb",
      "name": "demo",
      "provider": "provider.azurerm",
      "instances": [
        {
          "schema_version": 0,
          "attributes": {
            "frontend_ip_configuration": [
              {
                "inbound_nat_rules": [],
                "load_balancer_rules": [],
                "name": "publicIP",
                "outbound_rules": [],
                "private_ip_address": "",
                "private_ip_address_allocation": "Dynamic",
                "public_ip_address_id": "/subscriptions/8c2ec02f-42e9-40fc-8135-5e483f02feda/resourceGroups/Demo_Resources/providers/Microsoft.Network/publicIPAddresses/PubIP",
                "public_ip_prefix_id": "",
                "subnet_id": "",
                "zones": null
              }
            ],
            "id": "/subscriptions/8c2ec02f-42e9-40fc-8135-5e483f02feda/resourceGroups/Demo_Resources/providers/Microsoft.Network/loadBalancers/AzureLoadBalancer",
            "location": "westus",
            "name": "AzureLoadBalancer",
            "private_ip_address": "",
            "private_ip_addresses": [],
            "resource_group_name": "Demo_Resources",
            "sku": "Basic",
            "tags": {
              "Author": "Teren Bryson",
              "Environment": "Demo",
              "Maintained_by": "Teren Bryson"
            }
          },
          "private": "bnVsbA==",
          "depends_on": [
            "azurerm_public_ip.demo",
            "azurerm_resource_group.demo"
          ]
        }
      ]
    },
    {
      "mode": "managed",
      "type": "azurerm_lb_backend_address_pool",
      "name": "demo",
      "provider": "provider.azurerm",
      "instances": [
        {
          "schema_version": 0,
          "attributes": {
            "backend_ip_configurations": [],
            "id": "/subscriptions/8c2ec02f-42e9-40fc-8135-5e483f02feda/resourceGroups/Demo_Resources/providers/Microsoft.Network/loadBalancers/AzureLoadBalancer/backendAddressPools/BackEndAddressPool",
            "load_balancing_rules": [],
            "loadbalancer_id": "/subscriptions/8c2ec02f-42e9-40fc-8135-5e483f02feda/resourceGroups/Demo_Resources/providers/Microsoft.Network/loadBalancers/AzureLoadBalancer",
            "location": null,
            "name": "BackEndAddressPool",
            "resource_group_name": "Demo_Resources"
          },
          "private": "bnVsbA==",
          "depends_on": [
            "azurerm_lb.demo",
            "azurerm_resource_group.demo"
          ]
        }
      ]
    },
    {
      "mode": "managed",
      "type": "azurerm_lb_probe",
      "name": "demo",
      "provider": "provider.azurerm",
      "instances": [
        {
          "schema_version": 0,
          "attributes": {
            "id": "/subscriptions/8c2ec02f-42e9-40fc-8135-5e483f02feda/resourceGroups/Demo_Resources/providers/Microsoft.Network/loadBalancers/AzureLoadBalancer/probes/ssh-probe",
            "interval_in_seconds": 15,
            "load_balancer_rules": [],
            "loadbalancer_id": "/subscriptions/8c2ec02f-42e9-40fc-8135-5e483f02feda/resourceGroups/Demo_Resources/providers/Microsoft.Network/loadBalancers/AzureLoadBalancer",
            "location": null,
            "name": "ssh-probe",
            "number_of_probes": 2,
            "port": 22,
            "protocol": "Tcp",
            "request_path": "",
            "resource_group_name": "Demo_Resources"
          },
          "private": "bnVsbA==",
          "depends_on": [
            "azurerm_lb.demo",
            "azurerm_resource_group.demo"
          ]
        }
      ]
    },
    {
      "mode": "managed",
      "type": "azurerm_lb_rule",
      "name": "sshlbrule",
      "provider": "provider.azurerm",
      "instances": [
        {
          "schema_version": 0,
          "attributes": {
            "backend_address_pool_id": "/subscriptions/8c2ec02f-42e9-40fc-8135-5e483f02feda/resourceGroups/Demo_Resources/providers/Microsoft.Network/loadBalancers/AzureLoadBalancer/backendAddressPools/BackEndAddressPool",
            "backend_port": 22,
            "disable_outbound_snat": false,
            "enable_floating_ip": false,
            "frontend_ip_configuration_id": "/subscriptions/8c2ec02f-42e9-40fc-8135-5e483f02feda/resourceGroups/Demo_Resources/providers/Microsoft.Network/loadBalancers/AzureLoadBalancer/frontendIPConfigurations/publicIP",
            "frontend_ip_configuration_name": "publicIP",
            "frontend_port": 22,
            "id": "/subscriptions/8c2ec02f-42e9-40fc-8135-5e483f02feda/resourceGroups/Demo_Resources/providers/Microsoft.Network/loadBalancers/AzureLoadBalancer/loadBalancingRules/ssh-LB-Rule",
            "idle_timeout_in_minutes": 4,
            "load_distribution": "Default",
            "loadbalancer_id": "/subscriptions/8c2ec02f-42e9-40fc-8135-5e483f02feda/resourceGroups/Demo_Resources/providers/Microsoft.Network/loadBalancers/AzureLoadBalancer",
            "location": null,
            "name": "ssh-LB-Rule",
            "probe_id": "/subscriptions/8c2ec02f-42e9-40fc-8135-5e483f02feda/resourceGroups/Demo_Resources/providers/Microsoft.Network/loadBalancers/AzureLoadBalancer/probes/ssh-probe",
            "protocol": "Tcp",
            "resource_group_name": "Demo_Resources"
          },
          "private": "bnVsbA==",
          "depends_on": [
            "azurerm_lb.demo",
            "azurerm_lb_backend_address_pool.demo",
            "azurerm_lb_probe.demo",
            "azurerm_resource_group.demo"
          ]
        }
      ]
    },
    {
      "mode": "managed",
      "type": "azurerm_lb_rule",
      "name": "weblbrule",
      "provider": "provider.azurerm",
      "instances": [
        {
          "schema_version": 0,
          "attributes": {
            "backend_address_pool_id": "/subscriptions/8c2ec02f-42e9-40fc-8135-5e483f02feda/resourceGroups/Demo_Resources/providers/Microsoft.Network/loadBalancers/AzureLoadBalancer/backendAddressPools/BackEndAddressPool",
            "backend_port": 80,
            "disable_outbound_snat": false,
            "enable_floating_ip": false,
            "frontend_ip_configuration_id": "/subscriptions/8c2ec02f-42e9-40fc-8135-5e483f02feda/resourceGroups/Demo_Resources/providers/Microsoft.Network/loadBalancers/AzureLoadBalancer/frontendIPConfigurations/publicIP",
            "frontend_ip_configuration_name": "publicIP",
            "frontend_port": 80,
            "id": "/subscriptions/8c2ec02f-42e9-40fc-8135-5e483f02feda/resourceGroups/Demo_Resources/providers/Microsoft.Network/loadBalancers/AzureLoadBalancer/loadBalancingRules/web-LB-Rule",
            "idle_timeout_in_minutes": 4,
            "load_distribution": "Default",
            "loadbalancer_id": "/subscriptions/8c2ec02f-42e9-40fc-8135-5e483f02feda/resourceGroups/Demo_Resources/providers/Microsoft.Network/loadBalancers/AzureLoadBalancer",
            "location": null,
            "name": "web-LB-Rule",
            "probe_id": "/subscriptions/8c2ec02f-42e9-40fc-8135-5e483f02feda/resourceGroups/Demo_Resources/providers/Microsoft.Network/loadBalancers/AzureLoadBalancer/probes/ssh-probe",
            "protocol": "Tcp",
            "resource_group_name": "Demo_Resources"
          },
          "private": "bnVsbA==",
          "depends_on": [
            "azurerm_lb.demo",
            "azurerm_lb_backend_address_pool.demo",
            "azurerm_lb_probe.demo",
            "azurerm_resource_group.demo"
          ]
        }
      ]
    },
    {
      "mode": "managed",
      "type": "azurerm_lb_rule",
      "name": "weblbrule2",
      "provider": "provider.azurerm",
      "instances": [
        {
          "schema_version": 0,
          "attributes": {
            "backend_address_pool_id": "/subscriptions/8c2ec02f-42e9-40fc-8135-5e483f02feda/resourceGroups/Demo_Resources/providers/Microsoft.Network/loadBalancers/AzureLoadBalancer/backendAddressPools/BackEndAddressPool",
            "backend_port": 8080,
            "disable_outbound_snat": false,
            "enable_floating_ip": false,
            "frontend_ip_configuration_id": "/subscriptions/8c2ec02f-42e9-40fc-8135-5e483f02feda/resourceGroups/Demo_Resources/providers/Microsoft.Network/loadBalancers/AzureLoadBalancer/frontendIPConfigurations/publicIP",
            "frontend_ip_configuration_name": "publicIP",
            "frontend_port": 8080,
            "id": "/subscriptions/8c2ec02f-42e9-40fc-8135-5e483f02feda/resourceGroups/Demo_Resources/providers/Microsoft.Network/loadBalancers/AzureLoadBalancer/loadBalancingRules/web-LB-Rule2",
            "idle_timeout_in_minutes": 4,
            "load_distribution": "Default",
            "loadbalancer_id": "/subscriptions/8c2ec02f-42e9-40fc-8135-5e483f02feda/resourceGroups/Demo_Resources/providers/Microsoft.Network/loadBalancers/AzureLoadBalancer",
            "location": null,
            "name": "web-LB-Rule2",
            "probe_id": "/subscriptions/8c2ec02f-42e9-40fc-8135-5e483f02feda/resourceGroups/Demo_Resources/providers/Microsoft.Network/loadBalancers/AzureLoadBalancer/probes/ssh-probe",
            "protocol": "Tcp",
            "resource_group_name": "Demo_Resources"
          },
          "private": "bnVsbA==",
          "depends_on": [
            "azurerm_lb.demo",
            "azurerm_lb_backend_address_pool.demo",
            "azurerm_lb_probe.demo",
            "azurerm_resource_group.demo"
          ]
        }
      ]
    },
    {
      "mode": "managed",
      "type": "azurerm_lb_rule",
      "name": "weblbrule3",
      "provider": "provider.azurerm",
      "instances": [
        {
          "schema_version": 0,
          "attributes": {
            "backend_address_pool_id": "/subscriptions/8c2ec02f-42e9-40fc-8135-5e483f02feda/resourceGroups/Demo_Resources/providers/Microsoft.Network/loadBalancers/AzureLoadBalancer/backendAddressPools/BackEndAddressPool",
            "backend_port": 443,
            "disable_outbound_snat": false,
            "enable_floating_ip": false,
            "frontend_ip_configuration_id": "/subscriptions/8c2ec02f-42e9-40fc-8135-5e483f02feda/resourceGroups/Demo_Resources/providers/Microsoft.Network/loadBalancers/AzureLoadBalancer/frontendIPConfigurations/publicIP",
            "frontend_ip_configuration_name": "publicIP",
            "frontend_port": 443,
            "id": "/subscriptions/8c2ec02f-42e9-40fc-8135-5e483f02feda/resourceGroups/Demo_Resources/providers/Microsoft.Network/loadBalancers/AzureLoadBalancer/loadBalancingRules/web-LB-Rule3",
            "idle_timeout_in_minutes": 4,
            "load_distribution": "Default",
            "loadbalancer_id": "/subscriptions/8c2ec02f-42e9-40fc-8135-5e483f02feda/resourceGroups/Demo_Resources/providers/Microsoft.Network/loadBalancers/AzureLoadBalancer",
            "location": null,
            "name": "web-LB-Rule3",
            "probe_id": "/subscriptions/8c2ec02f-42e9-40fc-8135-5e483f02feda/resourceGroups/Demo_Resources/providers/Microsoft.Network/loadBalancers/AzureLoadBalancer/probes/ssh-probe",
            "protocol": "Tcp",
            "resource_group_name": "Demo_Resources"
          },
          "private": "bnVsbA==",
          "depends_on": [
            "azurerm_lb.demo",
            "azurerm_lb_backend_address_pool.demo",
            "azurerm_lb_probe.demo",
            "azurerm_resource_group.demo"
          ]
        }
      ]
    },
    {
      "mode": "managed",
      "type": "azurerm_network_interface",
      "name": "demo",
      "each": "list",
      "provider": "provider.azurerm",
      "instances": [
        {
          "index_key": 0,
          "schema_version": 0,
          "attributes": {
            "applied_dns_servers": [],
            "dns_servers": [],
            "enable_accelerated_networking": false,
            "enable_ip_forwarding": false,
            "id": "/subscriptions/8c2ec02f-42e9-40fc-8135-5e483f02feda/resourceGroups/Demo_Resources/providers/Microsoft.Network/networkInterfaces/lbNIC0",
            "internal_dns_name_label": "",
            "internal_fqdn": "",
            "ip_configuration": [
              {
                "application_gateway_backend_address_pools_ids": [],
                "application_security_group_ids": [],
                "load_balancer_backend_address_pools_ids": [
                  "/subscriptions/8c2ec02f-42e9-40fc-8135-5e483f02feda/resourceGroups/Demo_Resources/providers/Microsoft.Network/loadBalancers/AzureLoadBalancer/backendAddressPools/BackEndAddressPool"
                ],
                "load_balancer_inbound_nat_rules_ids": [],
                "name": "myNicConfiguration",
                "primary": true,
                "private_ip_address": "",
                "private_ip_address_allocation": "dynamic",
                "private_ip_address_version": "IPv4",
                "public_ip_address_id": "",
                "subnet_id": "/subscriptions/8c2ec02f-42e9-40fc-8135-5e483f02feda/resourceGroups/Demo_Resources/providers/Microsoft.Network/virtualNetworks/TvNet/subnets/TSub"
              }
            ],
            "location": "westus",
            "mac_address": "",
            "name": "lbNIC0",
            "network_security_group_id": "/subscriptions/8c2ec02f-42e9-40fc-8135-5e483f02feda/resourceGroups/Demo_Resources/providers/Microsoft.Network/networkSecurityGroups/myNetworkSecurityGroup",
            "private_ip_address": "10.0.2.6",
            "private_ip_addresses": [
              "10.0.2.6"
            ],
            "resource_group_name": "Demo_Resources",
            "tags": {
              "Author": "Teren Bryson",
              "Environment": "Demo",
              "Maintained_by": "Teren Bryson"
            },
            "virtual_machine_id": null
          },
          "private": "bnVsbA==",
          "depends_on": [
            "azurerm_lb_backend_address_pool.demo",
            "azurerm_network_security_group.lb_security",
            "azurerm_resource_group.demo",
            "azurerm_subnet.demo"
          ]
        },
        {
          "index_key": 1,
          "schema_version": 0,
          "attributes": {
            "applied_dns_servers": [],
            "dns_servers": [],
            "enable_accelerated_networking": false,
            "enable_ip_forwarding": false,
            "id": "/subscriptions/8c2ec02f-42e9-40fc-8135-5e483f02feda/resourceGroups/Demo_Resources/providers/Microsoft.Network/networkInterfaces/lbNIC1",
            "internal_dns_name_label": "",
            "internal_fqdn": "",
            "ip_configuration": [
              {
                "application_gateway_backend_address_pools_ids": [],
                "application_security_group_ids": [],
                "load_balancer_backend_address_pools_ids": [
                  "/subscriptions/8c2ec02f-42e9-40fc-8135-5e483f02feda/resourceGroups/Demo_Resources/providers/Microsoft.Network/loadBalancers/AzureLoadBalancer/backendAddressPools/BackEndAddressPool"
                ],
                "load_balancer_inbound_nat_rules_ids": [],
                "name": "myNicConfiguration",
                "primary": true,
                "private_ip_address": "",
                "private_ip_address_allocation": "dynamic",
                "private_ip_address_version": "IPv4",
                "public_ip_address_id": "",
                "subnet_id": "/subscriptions/8c2ec02f-42e9-40fc-8135-5e483f02feda/resourceGroups/Demo_Resources/providers/Microsoft.Network/virtualNetworks/TvNet/subnets/TSub"
              }
            ],
            "location": "westus",
            "mac_address": "",
            "name": "lbNIC1",
            "network_security_group_id": "/subscriptions/8c2ec02f-42e9-40fc-8135-5e483f02feda/resourceGroups/Demo_Resources/providers/Microsoft.Network/networkSecurityGroups/myNetworkSecurityGroup",
            "private_ip_address": "10.0.2.5",
            "private_ip_addresses": [
              "10.0.2.5"
            ],
            "resource_group_name": "Demo_Resources",
            "tags": {
              "Author": "Teren Bryson",
              "Environment": "Demo",
              "Maintained_by": "Teren Bryson"
            },
            "virtual_machine_id": null
          },
          "private": "bnVsbA==",
          "depends_on": [
            "azurerm_lb_backend_address_pool.demo",
            "azurerm_network_security_group.lb_security",
            "azurerm_resource_group.demo",
            "azurerm_subnet.demo"
          ]
        }
      ]
    },
    {
      "mode": "managed",
      "type": "azurerm_network_interface",
      "name": "demo_app1",
      "provider": "provider.azurerm",
      "instances": [
        {
          "schema_version": 0,
          "attributes": {
            "applied_dns_servers": [],
            "dns_servers": [],
            "enable_accelerated_networking": false,
            "enable_ip_forwarding": false,
            "id": "/subscriptions/8c2ec02f-42e9-40fc-8135-5e483f02feda/resourceGroups/Demo_Resources/providers/Microsoft.Network/networkInterfaces/appNIC1",
            "internal_dns_name_label": "",
            "internal_fqdn": "",
            "ip_configuration": [
              {
                "application_gateway_backend_address_pools_ids": [],
                "application_security_group_ids": [],
                "load_balancer_backend_address_pools_ids": [],
                "load_balancer_inbound_nat_rules_ids": [],
                "name": "App1NicConfiguration",
                "primary": true,
                "private_ip_address": "10.0.2.10",
                "private_ip_address_allocation": "static",
                "private_ip_address_version": "IPv4",
                "public_ip_address_id": "",
                "subnet_id": "/subscriptions/8c2ec02f-42e9-40fc-8135-5e483f02feda/resourceGroups/Demo_Resources/providers/Microsoft.Network/virtualNetworks/TvNet/subnets/TSub"
              }
            ],
            "location": "westus",
            "mac_address": "",
            "name": "appNIC1",
            "network_security_group_id": "/subscriptions/8c2ec02f-42e9-40fc-8135-5e483f02feda/resourceGroups/Demo_Resources/providers/Microsoft.Network/networkSecurityGroups/myNetworkSecurityGroup",
            "private_ip_address": "10.0.2.10",
            "private_ip_addresses": [
              "10.0.2.10"
            ],
            "resource_group_name": "Demo_Resources",
            "tags": {
              "Author": "Teren Bryson",
              "Environment": "Demo",
              "Maintained_by": "Teren Bryson"
            },
            "virtual_machine_id": null
          },
          "private": "bnVsbA==",
          "depends_on": [
            "azurerm_network_security_group.lb_security",
            "azurerm_resource_group.demo",
            "azurerm_subnet.demo"
          ]
        }
      ]
    },
    {
      "mode": "managed",
      "type": "azurerm_network_interface",
      "name": "demo_app2",
      "provider": "provider.azurerm",
      "instances": [
        {
          "schema_version": 0,
          "attributes": {
            "applied_dns_servers": [],
            "dns_servers": [],
            "enable_accelerated_networking": false,
            "enable_ip_forwarding": false,
            "id": "/subscriptions/8c2ec02f-42e9-40fc-8135-5e483f02feda/resourceGroups/Demo_Resources/providers/Microsoft.Network/networkInterfaces/appNIC2",
            "internal_dns_name_label": "",
            "internal_fqdn": "",
            "ip_configuration": [
              {
                "application_gateway_backend_address_pools_ids": [],
                "application_security_group_ids": [],
                "load_balancer_backend_address_pools_ids": [],
                "load_balancer_inbound_nat_rules_ids": [],
                "name": "App2NicConfiguration",
                "primary": true,
                "private_ip_address": "10.0.2.11",
                "private_ip_address_allocation": "static",
                "private_ip_address_version": "IPv4",
                "public_ip_address_id": "",
                "subnet_id": "/subscriptions/8c2ec02f-42e9-40fc-8135-5e483f02feda/resourceGroups/Demo_Resources/providers/Microsoft.Network/virtualNetworks/TvNet/subnets/TSub"
              }
            ],
            "location": "westus",
            "mac_address": "",
            "name": "appNIC2",
            "network_security_group_id": "/subscriptions/8c2ec02f-42e9-40fc-8135-5e483f02feda/resourceGroups/Demo_Resources/providers/Microsoft.Network/networkSecurityGroups/myNetworkSecurityGroup",
            "private_ip_address": "10.0.2.11",
            "private_ip_addresses": [
              "10.0.2.11"
            ],
            "resource_group_name": "Demo_Resources",
            "tags": {
              "Author": "Teren Bryson",
              "Environment": "Demo",
              "Maintained_by": "Teren Bryson"
            },
            "virtual_machine_id": null
          },
          "private": "bnVsbA==",
          "depends_on": [
            "azurerm_network_security_group.lb_security",
            "azurerm_resource_group.demo",
            "azurerm_subnet.demo"
          ]
        }
      ]
    },
    {
      "mode": "managed",
      "type": "azurerm_network_interface",
      "name": "jumpbox",
      "provider": "provider.azurerm",
      "instances": [
        {
          "schema_version": 0,
          "attributes": {
            "applied_dns_servers": [],
            "dns_servers": [],
            "enable_accelerated_networking": false,
            "enable_ip_forwarding": false,
            "id": "/subscriptions/8c2ec02f-42e9-40fc-8135-5e483f02feda/resourceGroups/Demo_Resources/providers/Microsoft.Network/networkInterfaces/jumpbox-nic",
            "internal_dns_name_label": "",
            "internal_fqdn": "",
            "ip_configuration": [
              {
                "application_gateway_backend_address_pools_ids": [],
                "application_security_group_ids": [],
                "load_balancer_backend_address_pools_ids": [],
                "load_balancer_inbound_nat_rules_ids": [],
                "name": "IPConfiguration",
                "primary": true,
                "private_ip_address": "",
                "private_ip_address_allocation": "dynamic",
                "private_ip_address_version": "IPv4",
                "public_ip_address_id": "/subscriptions/8c2ec02f-42e9-40fc-8135-5e483f02feda/resourceGroups/Demo_Resources/providers/Microsoft.Network/publicIPAddresses/jumpbox-public-ip",
                "subnet_id": "/subscriptions/8c2ec02f-42e9-40fc-8135-5e483f02feda/resourceGroups/Demo_Resources/providers/Microsoft.Network/virtualNetworks/TvNet/subnets/TSub"
              }
            ],
            "location": "westus",
            "mac_address": "",
            "name": "jumpbox-nic",
            "network_security_group_id": "/subscriptions/8c2ec02f-42e9-40fc-8135-5e483f02feda/resourceGroups/Demo_Resources/providers/Microsoft.Network/networkSecurityGroups/JumpBoxSecurityGroup",
            "private_ip_address": "10.0.2.4",
            "private_ip_addresses": [
              "10.0.2.4"
            ],
            "resource_group_name": "Demo_Resources",
            "tags": {
              "Author": "Teren Bryson",
              "Environment": "Demo",
              "Maintained_by": "Teren Bryson"
            },
            "virtual_machine_id": null
          },
          "private": "bnVsbA==",
          "depends_on": [
            "azurerm_network_security_group.jumpbox_security",
            "azurerm_public_ip.jumpbox",
            "azurerm_resource_group.demo",
            "azurerm_subnet.demo"
          ]
        }
      ]
    },
    {
      "mode": "managed",
      "type": "azurerm_network_security_group",
      "name": "jumpbox_security",
      "provider": "provider.azurerm",
      "instances": [
        {
          "schema_version": 0,
          "attributes": {
            "id": "/subscriptions/8c2ec02f-42e9-40fc-8135-5e483f02feda/resourceGroups/Demo_Resources/providers/Microsoft.Network/networkSecurityGroups/JumpBoxSecurityGroup",
            "location": "westus",
            "name": "JumpBoxSecurityGroup",
            "resource_group_name": "Demo_Resources",
            "security_rule": [],
            "tags": {
              "Author": "Teren Bryson",
              "Environment": "Demo",
              "Maintained_by": "Teren Bryson"
            }
          },
          "private": "bnVsbA==",
          "depends_on": [
            "azurerm_resource_group.demo"
          ]
        }
      ]
    },
    {
      "mode": "managed",
      "type": "azurerm_network_security_group",
      "name": "lb_security",
      "provider": "provider.azurerm",
      "instances": [
        {
          "schema_version": 0,
          "attributes": {
            "id": "/subscriptions/8c2ec02f-42e9-40fc-8135-5e483f02feda/resourceGroups/Demo_Resources/providers/Microsoft.Network/networkSecurityGroups/myNetworkSecurityGroup",
            "location": "westus",
            "name": "myNetworkSecurityGroup",
            "resource_group_name": "Demo_Resources",
            "security_rule": [],
            "tags": {
              "Author": "Teren Bryson",
              "Environment": "Demo",
              "Maintained_by": "Teren Bryson"
            }
          },
          "private": "bnVsbA==",
          "depends_on": [
            "azurerm_resource_group.demo"
          ]
        }
      ]
    },
    {
      "mode": "managed",
      "type": "azurerm_network_security_rule",
      "name": "http_rule1",
      "provider": "provider.azurerm",
      "instances": [
        {
          "schema_version": 0,
          "attributes": {
            "access": "Allow",
            "description": "",
            "destination_address_prefix": "*",
            "destination_address_prefixes": null,
            "destination_application_security_group_ids": null,
            "destination_port_range": "80",
            "destination_port_ranges": null,
            "direction": "Inbound",
            "id": "/subscriptions/8c2ec02f-42e9-40fc-8135-5e483f02feda/resourceGroups/Demo_Resources/providers/Microsoft.Network/networkSecurityGroups/myNetworkSecurityGroup/securityRules/lb_Web",
            "name": "lb_Web",
            "network_security_group_name": "myNetworkSecurityGroup",
            "priority": 1002,
            "protocol": "Tcp",
            "resource_group_name": "Demo_Resources",
            "source_address_prefix": "*",
            "source_address_prefixes": null,
            "source_application_security_group_ids": null,
            "source_port_range": "*",
            "source_port_ranges": null
          },
          "private": "bnVsbA==",
          "depends_on": [
            "azurerm_network_security_group.lb_security",
            "azurerm_resource_group.demo"
          ]
        }
      ]
    },
    {
      "mode": "managed",
      "type": "azurerm_network_security_rule",
      "name": "http_rule2",
      "provider": "provider.azurerm",
      "instances": [
        {
          "schema_version": 0,
          "attributes": {
            "access": "Allow",
            "description": "",
            "destination_address_prefix": "*",
            "destination_address_prefixes": null,
            "destination_application_security_group_ids": null,
            "destination_port_range": "8080",
            "destination_port_ranges": null,
            "direction": "Inbound",
            "id": "/subscriptions/8c2ec02f-42e9-40fc-8135-5e483f02feda/resourceGroups/Demo_Resources/providers/Microsoft.Network/networkSecurityGroups/myNetworkSecurityGroup/securityRules/lb_Web",
            "name": "lb_Web",
            "network_security_group_name": "myNetworkSecurityGroup",
            "priority": 1003,
            "protocol": "Tcp",
            "resource_group_name": "Demo_Resources",
            "source_address_prefix": "*",
            "source_address_prefixes": null,
            "source_application_security_group_ids": null,
            "source_port_range": "*",
            "source_port_ranges": null
          },
          "private": "bnVsbA==",
          "depends_on": [
            "azurerm_network_security_group.lb_security",
            "azurerm_resource_group.demo"
          ]
        }
      ]
    },
    {
      "mode": "managed",
      "type": "azurerm_network_security_rule",
      "name": "https_rule",
      "provider": "provider.azurerm",
      "instances": [
        {
          "schema_version": 0,
          "attributes": {
            "access": "Allow",
            "description": "",
            "destination_address_prefix": "*",
            "destination_address_prefixes": null,
            "destination_application_security_group_ids": null,
            "destination_port_range": "443",
            "destination_port_ranges": null,
            "direction": "Inbound",
            "id": "/subscriptions/8c2ec02f-42e9-40fc-8135-5e483f02feda/resourceGroups/Demo_Resources/providers/Microsoft.Network/networkSecurityGroups/myNetworkSecurityGroup/securityRules/lb_Web",
            "name": "lb_Web",
            "network_security_group_name": "myNetworkSecurityGroup",
            "priority": 1004,
            "protocol": "Tcp",
            "resource_group_name": "Demo_Resources",
            "source_address_prefix": "*",
            "source_address_prefixes": null,
            "source_application_security_group_ids": null,
            "source_port_range": "*",
            "source_port_ranges": null
          },
          "private": "bnVsbA==",
          "depends_on": [
            "azurerm_network_security_group.lb_security",
            "azurerm_resource_group.demo"
          ]
        }
      ]
    },
    {
      "mode": "managed",
      "type": "azurerm_network_security_rule",
      "name": "jb_ssh_rule",
      "provider": "provider.azurerm",
      "instances": [
        {
          "schema_version": 0,
          "attributes": {
            "access": "Allow",
            "description": "",
            "destination_address_prefix": "*",
            "destination_address_prefixes": null,
            "destination_application_security_group_ids": null,
            "destination_port_range": "22",
            "destination_port_ranges": null,
            "direction": "Inbound",
            "id": "/subscriptions/8c2ec02f-42e9-40fc-8135-5e483f02feda/resourceGroups/Demo_Resources/providers/Microsoft.Network/networkSecurityGroups/JumpBoxSecurityGroup/securityRules/jb_ssh",
            "name": "jb_ssh",
            "network_security_group_name": "JumpBoxSecurityGroup",
            "priority": 1001,
            "protocol": "Tcp",
            "resource_group_name": "Demo_Resources",
            "source_address_prefix": "*",
            "source_address_prefixes": null,
            "source_application_security_group_ids": null,
            "source_port_range": "*",
            "source_port_ranges": null
          },
          "private": "bnVsbA==",
          "depends_on": [
            "azurerm_network_security_group.jumpbox_security",
            "azurerm_resource_group.demo"
          ]
        }
      ]
    },
    {
      "mode": "managed",
      "type": "azurerm_network_security_rule",
      "name": "lb_ssh_rule",
      "provider": "provider.azurerm",
      "instances": [
        {
          "schema_version": 0,
          "attributes": {
            "access": "Allow",
            "description": "",
            "destination_address_prefix": "*",
            "destination_address_prefixes": null,
            "destination_application_security_group_ids": null,
            "destination_port_range": "22",
            "destination_port_ranges": null,
            "direction": "Inbound",
            "id": "/subscriptions/8c2ec02f-42e9-40fc-8135-5e483f02feda/resourceGroups/Demo_Resources/providers/Microsoft.Network/networkSecurityGroups/myNetworkSecurityGroup/securityRules/lb_ssh",
            "name": "lb_ssh",
            "network_security_group_name": "myNetworkSecurityGroup",
            "priority": 1001,
            "protocol": "Tcp",
            "resource_group_name": "Demo_Resources",
            "source_address_prefix": "10.0.2.0/24",
            "source_address_prefixes": null,
            "source_application_security_group_ids": null,
            "source_port_range": "*",
            "source_port_ranges": null
          },
          "private": "bnVsbA==",
          "depends_on": [
            "azurerm_network_security_group.lb_security",
            "azurerm_resource_group.demo",
            "azurerm_subnet.demo"
          ]
        }
      ]
    },
    {
      "mode": "managed",
      "type": "azurerm_public_ip",
      "name": "demo",
      "provider": "provider.azurerm",
      "instances": [
        {
          "schema_version": 0,
          "attributes": {
            "allocation_method": "Static",
            "domain_name_label": "umbrellacorp",
            "fqdn": "umbrellacorp.westus.cloudapp.azure.com",
            "id": "/subscriptions/8c2ec02f-42e9-40fc-8135-5e483f02feda/resourceGroups/Demo_Resources/providers/Microsoft.Network/publicIPAddresses/PubIP",
            "idle_timeout_in_minutes": 4,
            "ip_address": "13.64.191.191",
            "ip_version": "IPv4",
            "location": "westus",
            "name": "PubIP",
            "public_ip_address_allocation": "Static",
            "public_ip_prefix_id": null,
            "resource_group_name": "Demo_Resources",
            "reverse_fqdn": "",
            "sku": "Basic",
            "tags": {
              "Author": "Teren Bryson",
              "Environment": "Demo",
              "Maintained_by": "Teren Bryson"
            },
            "zones": null
          },
          "private": "bnVsbA==",
          "depends_on": [
            "azurerm_resource_group.demo"
          ]
        }
      ]
    },
    {
      "mode": "managed",
      "type": "azurerm_public_ip",
      "name": "jumpbox",
      "provider": "provider.azurerm",
      "instances": [
        {
          "schema_version": 0,
          "attributes": {
            "allocation_method": "Static",
            "domain_name_label": "umbrellacorp-ssh",
            "fqdn": "umbrellacorp-ssh.westus.cloudapp.azure.com",
            "id": "/subscriptions/8c2ec02f-42e9-40fc-8135-5e483f02feda/resourceGroups/Demo_Resources/providers/Microsoft.Network/publicIPAddresses/jumpbox-public-ip",
            "idle_timeout_in_minutes": 4,
            "ip_address": "13.64.184.130",
            "ip_version": "IPv4",
            "location": "westus",
            "name": "jumpbox-public-ip",
            "public_ip_address_allocation": "Static",
            "public_ip_prefix_id": null,
            "resource_group_name": "Demo_Resources",
            "reverse_fqdn": "",
            "sku": "Basic",
            "tags": {
              "Author": "Teren Bryson",
              "Environment": "Demo",
              "Maintained_by": "Teren Bryson"
            },
            "zones": null
          },
          "private": "bnVsbA==",
          "depends_on": [
            "azurerm_resource_group.demo"
          ]
        }
      ]
    },
    {
      "mode": "managed",
      "type": "azurerm_resource_group",
      "name": "demo",
      "provider": "provider.azurerm",
      "instances": [
        {
          "schema_version": 0,
          "attributes": {
            "id": "/subscriptions/8c2ec02f-42e9-40fc-8135-5e483f02feda/resourceGroups/Demo_Resources",
            "location": "westus",
            "name": "Demo_Resources",
            "tags": {
              "Author": "Teren Bryson",
              "Environment": "Demo",
              "Maintained_by": "Teren Bryson"
            }
          },
          "private": "bnVsbA=="
        }
      ]
    },
    {
      "mode": "managed",
      "type": "azurerm_storage_account",
      "name": "demo",
      "provider": "provider.azurerm",
      "instances": [
        {
          "schema_version": 2,
          "attributes": {
            "access_tier": "",
            "account_encryption_source": "Microsoft.Storage",
            "account_kind": "Storage",
            "account_replication_type": "LRS",
            "account_tier": "Standard",
            "account_type": "Standard_LRS",
            "custom_domain": [],
            "enable_advanced_threat_protection": false,
            "enable_blob_encryption": true,
            "enable_file_encryption": true,
            "enable_https_traffic_only": false,
            "id": "/subscriptions/8c2ec02f-42e9-40fc-8135-5e483f02feda/resourceGroups/Demo_Resources/providers/Microsoft.Storage/storageAccounts/diag231da2de5d6673aa",
            "identity": [],
            "is_hns_enabled": false,
            "location": "westus",
            "name": "diag231da2de5d6673aa",
            "network_rules": [],
            "primary_access_key": "hCxdMjYdsHXvCjYDPFMko1870kvUXUTrBUSPUwbnpSkaPM9ZTI83bWG0S+xoin9jTtn699SzaQqQ9yHrOlIxDg==",
            "primary_blob_connection_string": "DefaultEndpointsProtocol=https;BlobEndpoint=https://diag231da2de5d6673aa.blob.core.windows.net/;AccountName=diag231da2de5d6673aa;AccountKey=hCxdMjYdsHXvCjYDPFMko1870kvUXUTrBUSPUwbnpSkaPM9ZTI83bWG0S+xoin9jTtn699SzaQqQ9yHrOlIxDg==",
            "primary_blob_endpoint": "https://diag231da2de5d6673aa.blob.core.windows.net/",
            "primary_blob_host": "diag231da2de5d6673aa.blob.core.windows.net",
            "primary_connection_string": "DefaultEndpointsProtocol=https;AccountName=diag231da2de5d6673aa;AccountKey=hCxdMjYdsHXvCjYDPFMko1870kvUXUTrBUSPUwbnpSkaPM9ZTI83bWG0S+xoin9jTtn699SzaQqQ9yHrOlIxDg==;EndpointSuffix=core.windows.net",
            "primary_dfs_endpoint": "",
            "primary_dfs_host": "",
            "primary_file_endpoint": "https://diag231da2de5d6673aa.file.core.windows.net/",
            "primary_file_host": "diag231da2de5d6673aa.file.core.windows.net",
            "primary_location": "westus",
            "primary_queue_endpoint": "https://diag231da2de5d6673aa.queue.core.windows.net/",
            "primary_queue_host": "diag231da2de5d6673aa.queue.core.windows.net",
            "primary_table_endpoint": "https://diag231da2de5d6673aa.table.core.windows.net/",
            "primary_table_host": "diag231da2de5d6673aa.table.core.windows.net",
            "primary_web_endpoint": "",
            "primary_web_host": "",
            "queue_properties": [
              {
                "cors_rule": [],
                "hour_metrics": [
                  {
                    "enabled": true,
                    "include_apis": true,
                    "retention_policy_days": 7,
                    "version": "1.0"
                  }
                ],
                "logging": [
                  {
                    "delete": false,
                    "read": false,
                    "retention_policy_days": 0,
                    "version": "1.0",
                    "write": false
                  }
                ],
                "minute_metrics": [
                  {
                    "enabled": false,
                    "include_apis": false,
                    "retention_policy_days": 0,
                    "version": "1.0"
                  }
                ]
              }
            ],
            "resource_group_name": "Demo_Resources",
            "secondary_access_key": "xyditfiTkmCz5H0Nyqgd0GvHYv+/i/fORgXxWGM6wsldrpsYGl4Wwo+SvMRaAtPCP1cNdRXNfvvuhhMiLimq1A==",
            "secondary_blob_connection_string": "",
            "secondary_blob_endpoint": null,
            "secondary_blob_host": null,
            "secondary_connection_string": "DefaultEndpointsProtocol=https;AccountName=diag231da2de5d6673aa;AccountKey=xyditfiTkmCz5H0Nyqgd0GvHYv+/i/fORgXxWGM6wsldrpsYGl4Wwo+SvMRaAtPCP1cNdRXNfvvuhhMiLimq1A==;EndpointSuffix=core.windows.net",
            "secondary_dfs_endpoint": null,
            "secondary_dfs_host": null,
            "secondary_file_endpoint": null,
            "secondary_file_host": null,
            "secondary_location": "",
            "secondary_queue_endpoint": null,
            "secondary_queue_host": null,
            "secondary_table_endpoint": null,
            "secondary_table_host": null,
            "secondary_web_endpoint": null,
            "secondary_web_host": null,
            "tags": {
              "Author": "Teren Bryson",
              "Environment": "Demo",
              "Maintained_by": "Teren Bryson"
            }
          },
          "private": "eyJzY2hlbWFfdmVyc2lvbiI6IjIifQ==",
          "depends_on": [
            "azurerm_resource_group.demo",
            "random_id.randomId"
          ]
        }
      ]
    },
    {
      "mode": "managed",
      "type": "azurerm_subnet",
      "name": "demo",
      "provider": "provider.azurerm",
      "instances": [
        {
          "schema_version": 0,
          "attributes": {
            "address_prefix": "10.0.2.0/24",
            "delegation": [],
            "id": "/subscriptions/8c2ec02f-42e9-40fc-8135-5e483f02feda/resourceGroups/Demo_Resources/providers/Microsoft.Network/virtualNetworks/TvNet/subnets/TSub",
            "ip_configurations": [],
            "name": "TSub",
            "network_security_group_id": "",
            "resource_group_name": "Demo_Resources",
            "route_table_id": "",
            "service_endpoints": null,
            "virtual_network_name": "TvNet"
          },
          "private": "bnVsbA==",
          "depends_on": [
            "azurerm_resource_group.demo",
            "azurerm_virtual_network.demo"
          ]
        }
      ]
    },
    {
      "mode": "managed",
      "type": "azurerm_virtual_machine",
      "name": "appserver1",
      "each": "list",
      "provider": "provider.azurerm",
      "instances": [
        {
          "index_key": 0,
          "schema_version": 0,
          "attributes": {
            "availability_set_id": "/subscriptions/8c2ec02f-42e9-40fc-8135-5e483f02feda/resourcegroups/demo_resources/providers/microsoft.compute/availabilitysets/app_avset",
            "boot_diagnostics": [
              {
                "enabled": true,
                "storage_uri": "https://diag231da2de5d6673aa.blob.core.windows.net/"
              }
            ],
            "delete_data_disks_on_termination": false,
            "delete_os_disk_on_termination": true,
            "id": "/subscriptions/8c2ec02f-42e9-40fc-8135-5e483f02feda/resourceGroups/Demo_Resources/providers/Microsoft.Compute/virtualMachines/appserver1",
            "identity": [],
            "license_type": null,
            "location": "westus",
            "name": "appserver1",
            "network_interface_ids": [
              "/subscriptions/8c2ec02f-42e9-40fc-8135-5e483f02feda/resourceGroups/Demo_Resources/providers/Microsoft.Network/networkInterfaces/appNIC1"
            ],
            "os_profile": [
              {
                "admin_password": "FooBar$1959",
                "admin_username": "azureuser",
                "computer_name": "appserver1",
                "custom_data": "7012ab12138b08f3800a64ad4c04ce57b41e9b14"
              }
            ],
            "os_profile_linux_config": [
              {
                "disable_password_authentication": false,
                "ssh_keys": []
              }
            ],
            "os_profile_secrets": [],
            "os_profile_windows_config": [],
            "plan": [],
            "primary_network_interface_id": null,
            "resource_group_name": "Demo_Resources",
            "storage_data_disk": [],
            "storage_image_reference": [
              {
                "id": "",
                "offer": "UbuntuServer",
                "publisher": "Canonical",
                "sku": "16.04.0-LTS",
                "version": "latest"
              }
            ],
            "storage_os_disk": [
              {
                "caching": "ReadWrite",
                "create_option": "FromImage",
                "disk_size_gb": 30,
                "image_uri": "",
                "managed_disk_id": "/subscriptions/8c2ec02f-42e9-40fc-8135-5e483f02feda/resourceGroups/Demo_Resources/providers/Microsoft.Compute/disks/appdisk1",
                "managed_disk_type": "Premium_LRS",
                "name": "appdisk1",
                "os_type": "Linux",
                "vhd_uri": "",
                "write_accelerator_enabled": false
              }
            ],
            "tags": {
              "Author": "Teren Bryson",
              "Environment": "Demo",
              "Maintained_by": "Teren Bryson"
            },
            "vm_size": "Standard_DS1_v2",
            "zones": null
          },
          "private": "bnVsbA==",
          "depends_on": [
            "azurerm_availability_set.app_avset",
            "azurerm_network_interface.demo_app1",
            "azurerm_resource_group.demo",
            "azurerm_storage_account.demo"
          ]
        }
      ]
    },
    {
      "mode": "managed",
      "type": "azurerm_virtual_machine",
      "name": "appserver2",
      "each": "list",
      "provider": "provider.azurerm",
      "instances": [
        {
          "index_key": 0,
          "schema_version": 0,
          "attributes": {
            "availability_set_id": "/subscriptions/8c2ec02f-42e9-40fc-8135-5e483f02feda/resourcegroups/demo_resources/providers/microsoft.compute/availabilitysets/app_avset",
            "boot_diagnostics": [
              {
                "enabled": true,
                "storage_uri": "https://diag231da2de5d6673aa.blob.core.windows.net/"
              }
            ],
            "delete_data_disks_on_termination": false,
            "delete_os_disk_on_termination": true,
            "id": "/subscriptions/8c2ec02f-42e9-40fc-8135-5e483f02feda/resourceGroups/Demo_Resources/providers/Microsoft.Compute/virtualMachines/appserver2",
            "identity": [],
            "license_type": null,
            "location": "westus",
            "name": "appserver2",
            "network_interface_ids": [
              "/subscriptions/8c2ec02f-42e9-40fc-8135-5e483f02feda/resourceGroups/Demo_Resources/providers/Microsoft.Network/networkInterfaces/appNIC2"
            ],
            "os_profile": [
              {
                "admin_password": "FooBar$1959",
                "admin_username": "azureuser",
                "computer_name": "appserver2",
                "custom_data": "9f740e5f13b3982e86c2e3fb549a31847792b542"
              }
            ],
            "os_profile_linux_config": [
              {
                "disable_password_authentication": false,
                "ssh_keys": []
              }
            ],
            "os_profile_secrets": [],
            "os_profile_windows_config": [],
            "plan": [],
            "primary_network_interface_id": null,
            "resource_group_name": "Demo_Resources",
            "storage_data_disk": [],
            "storage_image_reference": [
              {
                "id": "",
                "offer": "UbuntuServer",
                "publisher": "Canonical",
                "sku": "16.04.0-LTS",
                "version": "latest"
              }
            ],
            "storage_os_disk": [
              {
                "caching": "ReadWrite",
                "create_option": "FromImage",
                "disk_size_gb": 30,
                "image_uri": "",
                "managed_disk_id": "/subscriptions/8c2ec02f-42e9-40fc-8135-5e483f02feda/resourceGroups/Demo_Resources/providers/Microsoft.Compute/disks/appdisk2",
                "managed_disk_type": "Premium_LRS",
                "name": "appdisk2",
                "os_type": "Linux",
                "vhd_uri": "",
                "write_accelerator_enabled": false
              }
            ],
            "tags": {
              "Author": "Teren Bryson",
              "Environment": "Demo",
              "Maintained_by": "Teren Bryson"
            },
            "vm_size": "Standard_DS1_v2",
            "zones": null
          },
          "private": "bnVsbA==",
          "depends_on": [
            "azurerm_availability_set.app_avset",
            "azurerm_network_interface.demo_app2",
            "azurerm_resource_group.demo",
            "azurerm_storage_account.demo"
          ]
        }
      ]
    },
    {
      "mode": "managed",
      "type": "azurerm_virtual_machine",
      "name": "demo",
      "each": "list",
      "provider": "provider.azurerm",
      "instances": [
        {
          "index_key": 0,
          "schema_version": 0,
          "attributes": {
            "availability_set_id": "/subscriptions/8c2ec02f-42e9-40fc-8135-5e483f02feda/resourcegroups/demo_resources/providers/microsoft.compute/availabilitysets/avset1",
            "boot_diagnostics": [
              {
                "enabled": true,
                "storage_uri": "https://diag231da2de5d6673aa.blob.core.windows.net/"
              }
            ],
            "delete_data_disks_on_termination": false,
            "delete_os_disk_on_termination": true,
            "id": "/subscriptions/8c2ec02f-42e9-40fc-8135-5e483f02feda/resourceGroups/Demo_Resources/providers/Microsoft.Compute/virtualMachines/lb0",
            "identity": [],
            "license_type": null,
            "location": "westus",
            "name": "lb0",
            "network_interface_ids": [
              "/subscriptions/8c2ec02f-42e9-40fc-8135-5e483f02feda/resourceGroups/Demo_Resources/providers/Microsoft.Network/networkInterfaces/lbNIC0"
            ],
            "os_profile": [
              {
                "admin_password": "FooBar$1959",
                "admin_username": "azureuser",
                "computer_name": "loadbalancer0",
                "custom_data": "bd91471e366d35cca6ceab22407c782651f39ae6"
              }
            ],
            "os_profile_linux_config": [
              {
                "disable_password_authentication": false,
                "ssh_keys": []
              }
            ],
            "os_profile_secrets": [],
            "os_profile_windows_config": [],
            "plan": [],
            "primary_network_interface_id": null,
            "resource_group_name": "Demo_Resources",
            "storage_data_disk": [],
            "storage_image_reference": [
              {
                "id": "",
                "offer": "UbuntuServer",
                "publisher": "Canonical",
                "sku": "16.04.0-LTS",
                "version": "latest"
              }
            ],
            "storage_os_disk": [
              {
                "caching": "ReadWrite",
                "create_option": "FromImage",
                "disk_size_gb": 30,
                "image_uri": "",
                "managed_disk_id": "/subscriptions/8c2ec02f-42e9-40fc-8135-5e483f02feda/resourceGroups/Demo_Resources/providers/Microsoft.Compute/disks/lbdisk0",
                "managed_disk_type": "Premium_LRS",
                "name": "lbdisk0",
                "os_type": "Linux",
                "vhd_uri": "",
                "write_accelerator_enabled": false
              }
            ],
            "tags": {
              "Author": "Teren Bryson",
              "Environment": "Demo",
              "Maintained_by": "Teren Bryson"
            },
            "vm_size": "Standard_DS1_v2",
            "zones": null
          },
          "private": "bnVsbA==",
          "depends_on": [
            "azurerm_availability_set.avset1",
            "azurerm_network_interface.demo",
            "azurerm_resource_group.demo",
            "azurerm_storage_account.demo"
          ]
        },
        {
          "index_key": 1,
          "schema_version": 0,
          "attributes": {
            "availability_set_id": "/subscriptions/8c2ec02f-42e9-40fc-8135-5e483f02feda/resourcegroups/demo_resources/providers/microsoft.compute/availabilitysets/avset1",
            "boot_diagnostics": [
              {
                "enabled": true,
                "storage_uri": "https://diag231da2de5d6673aa.blob.core.windows.net/"
              }
            ],
            "delete_data_disks_on_termination": false,
            "delete_os_disk_on_termination": true,
            "id": "/subscriptions/8c2ec02f-42e9-40fc-8135-5e483f02feda/resourceGroups/Demo_Resources/providers/Microsoft.Compute/virtualMachines/lb1",
            "identity": [],
            "license_type": null,
            "location": "westus",
            "name": "lb1",
            "network_interface_ids": [
              "/subscriptions/8c2ec02f-42e9-40fc-8135-5e483f02feda/resourceGroups/Demo_Resources/providers/Microsoft.Network/networkInterfaces/lbNIC1"
            ],
            "os_profile": [
              {
                "admin_password": "FooBar$1959",
                "admin_username": "azureuser",
                "computer_name": "loadbalancer1",
                "custom_data": "bd91471e366d35cca6ceab22407c782651f39ae6"
              }
            ],
            "os_profile_linux_config": [
              {
                "disable_password_authentication": false,
                "ssh_keys": []
              }
            ],
            "os_profile_secrets": [],
            "os_profile_windows_config": [],
            "plan": [],
            "primary_network_interface_id": null,
            "resource_group_name": "Demo_Resources",
            "storage_data_disk": [],
            "storage_image_reference": [
              {
                "id": "",
                "offer": "UbuntuServer",
                "publisher": "Canonical",
                "sku": "16.04.0-LTS",
                "version": "latest"
              }
            ],
            "storage_os_disk": [
              {
                "caching": "ReadWrite",
                "create_option": "FromImage",
                "disk_size_gb": 30,
                "image_uri": "",
                "managed_disk_id": "/subscriptions/8c2ec02f-42e9-40fc-8135-5e483f02feda/resourceGroups/Demo_Resources/providers/Microsoft.Compute/disks/lbdisk1",
                "managed_disk_type": "Premium_LRS",
                "name": "lbdisk1",
                "os_type": "Linux",
                "vhd_uri": "",
                "write_accelerator_enabled": false
              }
            ],
            "tags": {
              "Author": "Teren Bryson",
              "Environment": "Demo",
              "Maintained_by": "Teren Bryson"
            },
            "vm_size": "Standard_DS1_v2",
            "zones": null
          },
          "private": "bnVsbA==",
          "depends_on": [
            "azurerm_availability_set.avset1",
            "azurerm_network_interface.demo",
            "azurerm_resource_group.demo",
            "azurerm_storage_account.demo"
          ]
        }
      ]
    },
    {
      "mode": "managed",
      "type": "azurerm_virtual_machine",
      "name": "jumpbox",
      "provider": "provider.azurerm",
      "instances": [
        {
          "schema_version": 0,
          "attributes": {
            "availability_set_id": null,
            "boot_diagnostics": [],
            "delete_data_disks_on_termination": false,
            "delete_os_disk_on_termination": false,
            "id": "/subscriptions/8c2ec02f-42e9-40fc-8135-5e483f02feda/resourceGroups/Demo_Resources/providers/Microsoft.Compute/virtualMachines/jumpbox",
            "identity": [],
            "license_type": null,
            "location": "westus",
            "name": "jumpbox",
            "network_interface_ids": [
              "/subscriptions/8c2ec02f-42e9-40fc-8135-5e483f02feda/resourceGroups/Demo_Resources/providers/Microsoft.Network/networkInterfaces/jumpbox-nic"
            ],
            "os_profile": [
              {
                "admin_password": "",
                "admin_username": "azureuser",
                "computer_name": "jumpbox",
                "custom_data": ""
              }
            ],
            "os_profile_linux_config": [
              {
                "disable_password_authentication": true,
                "ssh_keys": [
                  {
                    "key_data": "ssh-rsa AAAAB3NzaC1yc2EAAAADAQABAAABAQC5EmRHDSbJcDCeFV16dFQXTP70FKUQ39yYcoLZU/OtjJKE8nIxu+fVfcpPYTyoisoQVQT9xvO0pJYSZh+bjo2rk78sSi+FBsZmTURDEsJHvaAvSB15l632eyfDWJC/xc8SDUjusS7Q183iBmNuliApJPbhfxQGaY8TX5KAUlndPH1PWyanqs03xIkMQr+Eg42arq/jZmwD8HgN8QRnw+yxHE6nzLTC1O5FEZQ8tmHVSv9iUOP4xPjmjGjGyzqfXhxRrIjnaXn5DSHlWUXaR7DPeu7DTAtvIon/6mWD7zbdOUGP6+de6265SrDRHRoxKygkkeYp1oYnTNo38UY7Lcfh someclown@umbrella-1.local\n",
                    "path": "/home/azureuser/.ssh/authorized_keys"
                  }
                ]
              }
            ],
            "os_profile_secrets": [],
            "os_profile_windows_config": [],
            "plan": [],
            "primary_network_interface_id": null,
            "resource_group_name": "Demo_Resources",
            "storage_data_disk": [],
            "storage_image_reference": [
              {
                "id": "",
                "offer": "UbuntuServer",
                "publisher": "Canonical",
                "sku": "16.04-LTS",
                "version": "latest"
              }
            ],
            "storage_os_disk": [
              {
                "caching": "ReadWrite",
                "create_option": "FromImage",
                "disk_size_gb": 30,
                "image_uri": "",
                "managed_disk_id": "/subscriptions/8c2ec02f-42e9-40fc-8135-5e483f02feda/resourceGroups/Demo_Resources/providers/Microsoft.Compute/disks/jumpbox-osdisk",
                "managed_disk_type": "Standard_LRS",
                "name": "jumpbox-osdisk",
                "os_type": "Linux",
                "vhd_uri": "",
                "write_accelerator_enabled": false
              }
            ],
            "tags": {
              "Author": "Teren Bryson",
              "Environment": "Demo",
              "Maintained_by": "Teren Bryson"
            },
            "vm_size": "Standard_DS1_v2",
            "zones": null
          },
          "private": "bnVsbA==",
          "depends_on": [
            "azurerm_network_interface.jumpbox",
            "azurerm_resource_group.demo"
          ]
        }
      ]
    },
    {
      "mode": "managed",
      "type": "azurerm_virtual_network",
      "name": "demo",
      "provider": "provider.azurerm",
      "instances": [
        {
          "schema_version": 0,
          "attributes": {
            "address_space": [
              "10.0.0.0/16"
            ],
            "ddos_protection_plan": [],
            "dns_servers": null,
            "id": "/subscriptions/8c2ec02f-42e9-40fc-8135-5e483f02feda/resourceGroups/Demo_Resources/providers/Microsoft.Network/virtualNetworks/TvNet",
            "location": "westus",
            "name": "TvNet",
            "resource_group_name": "Demo_Resources",
            "subnet": [],
            "tags": {
              "Author": "Teren Bryson",
              "Environment": "Demo",
              "Maintained_by": "Teren Bryson"
            }
          },
          "private": "bnVsbA==",
          "depends_on": [
            "azurerm_resource_group.demo"
          ]
        }
      ]
    },
    {
      "mode": "managed",
      "type": "random_id",
      "name": "randomId",
      "provider": "provider.random",
      "instances": [
        {
          "schema_version": 0,
          "attributes": {
            "b64": "Ix2i3l1mc6o",
            "b64_std": "Ix2i3l1mc6o=",
            "b64_url": "Ix2i3l1mc6o",
            "byte_length": 8,
            "dec": "2530357641585521578",
            "hex": "231da2de5d6673aa",
            "id": "Ix2i3l1mc6o",
            "keepers": {
              "resource_group": "Demo_Resources"
            },
            "prefix": null
          },
          "private": "bnVsbA==",
          "depends_on": [
            "azurerm_resource_group.demo"
          ]
        }
      ]
    }
  ]
}
